
Microsoft Visual Studio Solution File, Format Version 12.00
# Visual Studio Version 16
VisualStudioVersion = 16.0.31019.35
MinimumVisualStudioVersion = 10.0.40219.1
Project("{9A19103F-16F7-4668-BE54-9A1E7A4F7556}") = "MoreTypes_Lib", "MoreTypes_Lib\MoreTypes_Lib.csproj", "{A474CB03-3FA3-45DE-BA43-B3BD63FB3573}"
EndProject
Project("{9A19103F-16F7-4668-BE54-9A1E7A4F7556}") = "MoreTypes_Tests", "MoreTypes_Tests\MoreTypes_Tests.csproj", "{CF5F9F89-CAD6-4B34-969C-2C1926E531D6}"
EndProject
Global
	GlobalSection(SolutionConfigurationPlatforms) = preSolution
		Debug|Any CPU = Debug|Any CPU
		Release|Any CPU = Release|Any CPU
	EndGlobalSection
	GlobalSection(ProjectConfigurationPlatforms) = postSolution
		{A474CB03-3FA3-45DE-BA43-B3BD63FB3573}.Debug|Any CPU.ActiveCfg = Debug|Any CPU
		{A474CB03-3FA3-45DE-BA43-B3BD63FB3573}.Debug|Any CPU.Build.0 = Debug|Any CPU
		{A474CB03-3FA3-45DE-BA43-B3BD63FB3573}.Release|Any CPU.ActiveCfg = Release|Any CPU
		{A474CB03-3FA3-45DE-BA43-B3BD63FB3573}.Release|Any CPU.Build.0 = Release|Any CPU
		{CF5F9F89-CAD6-4B34-969C-2C1926E531D6}.Debug|Any CPU.ActiveCfg = Debug|Any CPU
		{CF5F9F89-CAD6-4B34-969C-2C1926E531D6}.Debug|Any CPU.Build.0 = Debug|Any CPU
		{CF5F9F89-CAD6-4B34-969C-2C1926E531D6}.Release|Any CPU.ActiveCfg = Release|Any CPU
		{CF5F9F89-CAD6-4B34-969C-2C1926E531D6}.Release|Any CPU.Build.0 = Release|Any CPU
	EndGlobalSection
	GlobalSection(SolutionProperties) = preSolution
		HideSolutionNode = FALSE
	EndGlobalSection
	GlobalSection(ExtensibilityGlobals) = postSolution
		SolutionGuid = {AD402820-500C-4D72-82F1-D4B41B4F1806}
	EndGlobalSection
EndGlobal
