
Microsoft Visual Studio Solution File, Format Version 12.00
# Visual Studio Version 17
VisualStudioVersion = 17.0.31919.166
MinimumVisualStudioVersion = 10.0.40219.1
Project("{FAE04EC0-301F-11D3-BF4B-00C04F79EFBC}") = "StaticClassesApp", "StaticClassesApp\StaticClassesApp.csproj", "{A65E7DB1-BC70-4EA2-98C5-7B07C3293FD2}"
EndProject
Global
	GlobalSection(SolutionConfigurationPlatforms) = preSolution
		Debug|Any CPU = Debug|Any CPU
		Release|Any CPU = Release|Any CPU
	EndGlobalSection
	GlobalSection(ProjectConfigurationPlatforms) = postSolution
		{A65E7DB1-BC70-4EA2-98C5-7B07C3293FD2}.Debug|Any CPU.ActiveCfg = Debug|Any CPU
		{A65E7DB1-BC70-4EA2-98C5-7B07C3293FD2}.Debug|Any CPU.Build.0 = Debug|Any CPU
		{A65E7DB1-BC70-4EA2-98C5-7B07C3293FD2}.Release|Any CPU.ActiveCfg = Release|Any CPU
		{A65E7DB1-BC70-4EA2-98C5-7B07C3293FD2}.Release|Any CPU.Build.0 = Release|Any CPU
	EndGlobalSection
	GlobalSection(SolutionProperties) = preSolution
		HideSolutionNode = FALSE
	EndGlobalSection
	GlobalSection(ExtensibilityGlobals) = postSolution
		SolutionGuid = {B649DA1B-23E1-455F-ABDC-AFD5611F3ED6}
	EndGlobalSection
EndGlobal
