
Microsoft Visual Studio Solution File, Format Version 12.00
# Visual Studio Version 17
VisualStudioVersion = 17.0.32126.317
MinimumVisualStudioVersion = 10.0.40219.1
Project("{FAE04EC0-301F-11D3-BF4B-00C04F79EFBC}") = "AdvancedNUnit", "AdvancedNUnit\AdvancedNUnit.csproj", "{20B57004-DC71-44A2-901A-F51239FE7253}"
EndProject
Global
	GlobalSection(SolutionConfigurationPlatforms) = preSolution
		Debug|Any CPU = Debug|Any CPU
		Release|Any CPU = Release|Any CPU
	EndGlobalSection
	GlobalSection(ProjectConfigurationPlatforms) = postSolution
		{20B57004-DC71-44A2-901A-F51239FE7253}.Debug|Any CPU.ActiveCfg = Debug|Any CPU
		{20B57004-DC71-44A2-901A-F51239FE7253}.Debug|Any CPU.Build.0 = Debug|Any CPU
		{20B57004-DC71-44A2-901A-F51239FE7253}.Release|Any CPU.ActiveCfg = Release|Any CPU
		{20B57004-DC71-44A2-901A-F51239FE7253}.Release|Any CPU.Build.0 = Release|Any CPU
	EndGlobalSection
	GlobalSection(SolutionProperties) = preSolution
		HideSolutionNode = FALSE
	EndGlobalSection
	GlobalSection(ExtensibilityGlobals) = postSolution
		SolutionGuid = {C959BC0F-68F7-4474-9177-B84F54C1A7AF}
	EndGlobalSection
EndGlobal
