
Microsoft Visual Studio Solution File, Format Version 12.00
# Visual Studio Version 17
VisualStudioVersion = 17.0.31919.166
MinimumVisualStudioVersion = 10.0.40219.1
Project("{FAE04EC0-301F-11D3-BF4B-00C04F79EFBC}") = "Classes_StructsLab", "Classes_StructsLab\Classes_StructsLab.csproj", "{187D1657-CA06-49EB-9749-914685300A51}"
EndProject
Global
	GlobalSection(SolutionConfigurationPlatforms) = preSolution
		Debug|Any CPU = Debug|Any CPU
		Release|Any CPU = Release|Any CPU
	EndGlobalSection
	GlobalSection(ProjectConfigurationPlatforms) = postSolution
		{187D1657-CA06-49EB-9749-914685300A51}.Debug|Any CPU.ActiveCfg = Debug|Any CPU
		{187D1657-CA06-49EB-9749-914685300A51}.Debug|Any CPU.Build.0 = Debug|Any CPU
		{187D1657-CA06-49EB-9749-914685300A51}.Release|Any CPU.ActiveCfg = Release|Any CPU
		{187D1657-CA06-49EB-9749-914685300A51}.Release|Any CPU.Build.0 = Release|Any CPU
	EndGlobalSection
	GlobalSection(SolutionProperties) = preSolution
		HideSolutionNode = FALSE
	EndGlobalSection
	GlobalSection(ExtensibilityGlobals) = postSolution
		SolutionGuid = {E7E57815-9EBF-44B8-82BA-B0EDF37EA8E1}
	EndGlobalSection
EndGlobal
