
Microsoft Visual Studio Solution File, Format Version 12.00
# Visual Studio Version 17
VisualStudioVersion = 17.0.31919.166
MinimumVisualStudioVersion = 10.0.40219.1
Project("{FAE04EC0-301F-11D3-BF4B-00C04F79EFBC}") = "NorthwindAPI", "NorthwindAPI\NorthwindAPI.csproj", "{9B775CF7-69B3-4213-BF93-DC29DFB497B2}"
EndProject
Global
	GlobalSection(SolutionConfigurationPlatforms) = preSolution
		Debug|Any CPU = Debug|Any CPU
		Release|Any CPU = Release|Any CPU
	EndGlobalSection
	GlobalSection(ProjectConfigurationPlatforms) = postSolution
		{9B775CF7-69B3-4213-BF93-DC29DFB497B2}.Debug|Any CPU.ActiveCfg = Debug|Any CPU
		{9B775CF7-69B3-4213-BF93-DC29DFB497B2}.Debug|Any CPU.Build.0 = Debug|Any CPU
		{9B775CF7-69B3-4213-BF93-DC29DFB497B2}.Release|Any CPU.ActiveCfg = Release|Any CPU
		{9B775CF7-69B3-4213-BF93-DC29DFB497B2}.Release|Any CPU.Build.0 = Release|Any CPU
	EndGlobalSection
	GlobalSection(SolutionProperties) = preSolution
		HideSolutionNode = FALSE
	EndGlobalSection
	GlobalSection(ExtensibilityGlobals) = postSolution
		SolutionGuid = {7F1A8461-7227-4854-99BC-D15877A29D88}
	EndGlobalSection
EndGlobal
