
Microsoft Visual Studio Solution File, Format Version 12.00
# Visual Studio Version 17
VisualStudioVersion = 17.0.32126.317
MinimumVisualStudioVersion = 10.0.40219.1
Project("{FAE04EC0-301F-11D3-BF4B-00C04F79EFBC}") = "EF_ModelFirst", "EF_ModelFirst\EF_ModelFirst.csproj", "{AE2D8860-AFE1-4CF0-AE31-AF266F11591A}"
EndProject
Global
	GlobalSection(SolutionConfigurationPlatforms) = preSolution
		Debug|Any CPU = Debug|Any CPU
		Release|Any CPU = Release|Any CPU
	EndGlobalSection
	GlobalSection(ProjectConfigurationPlatforms) = postSolution
		{AE2D8860-AFE1-4CF0-AE31-AF266F11591A}.Debug|Any CPU.ActiveCfg = Debug|Any CPU
		{AE2D8860-AFE1-4CF0-AE31-AF266F11591A}.Debug|Any CPU.Build.0 = Debug|Any CPU
		{AE2D8860-AFE1-4CF0-AE31-AF266F11591A}.Release|Any CPU.ActiveCfg = Release|Any CPU
		{AE2D8860-AFE1-4CF0-AE31-AF266F11591A}.Release|Any CPU.Build.0 = Release|Any CPU
	EndGlobalSection
	GlobalSection(SolutionProperties) = preSolution
		HideSolutionNode = FALSE
	EndGlobalSection
	GlobalSection(ExtensibilityGlobals) = postSolution
		SolutionGuid = {F3A7CC02-193F-471C-AFA9-996BB327BA84}
	EndGlobalSection
EndGlobal
