
Microsoft Visual Studio Solution File, Format Version 12.00
# Visual Studio Version 17
VisualStudioVersion = 17.0.31919.166
MinimumVisualStudioVersion = 10.0.40219.1
Project("{2150E333-8FDC-42A3-9474-1A3956D46DE8}") = "Solution Items", "Solution Items", "{009621F6-AB42-45DE-82A9-1F9A2F7F73F3}"
	ProjectSection(SolutionItems) = preProject
		README.md = README.md
	EndProjectSection
EndProject
Project("{9A19103F-16F7-4668-BE54-9A1E7A4F7556}") = "HelloWorld", "HelloWorld\HelloWorld.csproj", "{D0576D35-9DFC-42C7-A54F-0039AFC1A109}"
EndProject
Project("{FAE04EC0-301F-11D3-BF4B-00C04F79EFBC}") = "CodeToTest", "CodeToTest\CodeToTest.csproj", "{65ACA63A-F507-46F8-81E2-7C53CBC9E02D}"
EndProject
Project("{FAE04EC0-301F-11D3-BF4B-00C04F79EFBC}") = "TestLesson1", "TestLesson1\TestLesson1.csproj", "{A19FE08C-2567-454F-A676-00716FFF51BB}"
EndProject
Global
	GlobalSection(SolutionConfigurationPlatforms) = preSolution
		Debug|Any CPU = Debug|Any CPU
		Release|Any CPU = Release|Any CPU
	EndGlobalSection
	GlobalSection(ProjectConfigurationPlatforms) = postSolution
		{D0576D35-9DFC-42C7-A54F-0039AFC1A109}.Debug|Any CPU.ActiveCfg = Debug|Any CPU
		{D0576D35-9DFC-42C7-A54F-0039AFC1A109}.Debug|Any CPU.Build.0 = Debug|Any CPU
		{D0576D35-9DFC-42C7-A54F-0039AFC1A109}.Release|Any CPU.ActiveCfg = Release|Any CPU
		{D0576D35-9DFC-42C7-A54F-0039AFC1A109}.Release|Any CPU.Build.0 = Release|Any CPU
		{65ACA63A-F507-46F8-81E2-7C53CBC9E02D}.Debug|Any CPU.ActiveCfg = Debug|Any CPU
		{65ACA63A-F507-46F8-81E2-7C53CBC9E02D}.Debug|Any CPU.Build.0 = Debug|Any CPU
		{65ACA63A-F507-46F8-81E2-7C53CBC9E02D}.Release|Any CPU.ActiveCfg = Release|Any CPU
		{65ACA63A-F507-46F8-81E2-7C53CBC9E02D}.Release|Any CPU.Build.0 = Release|Any CPU
		{A19FE08C-2567-454F-A676-00716FFF51BB}.Debug|Any CPU.ActiveCfg = Debug|Any CPU
		{A19FE08C-2567-454F-A676-00716FFF51BB}.Debug|Any CPU.Build.0 = Debug|Any CPU
		{A19FE08C-2567-454F-A676-00716FFF51BB}.Release|Any CPU.ActiveCfg = Release|Any CPU
		{A19FE08C-2567-454F-A676-00716FFF51BB}.Release|Any CPU.Build.0 = Release|Any CPU
	EndGlobalSection
	GlobalSection(SolutionProperties) = preSolution
		HideSolutionNode = FALSE
	EndGlobalSection
	GlobalSection(ExtensibilityGlobals) = postSolution
		SolutionGuid = {D0D124D1-0382-45C6-B68D-380817D9DBFE}
	EndGlobalSection
EndGlobal
