
Microsoft Visual Studio Solution File, Format Version 12.00
# Visual Studio Version 17
VisualStudioVersion = 17.0.31919.166
MinimumVisualStudioVersion = 10.0.40219.1
Project("{FAE04EC0-301F-11D3-BF4B-00C04F79EFBC}") = "NorthwindModel", "NorthwindModel\NorthwindModel.csproj", "{11C92EC9-20B8-4281-9A23-449C72328558}"
EndProject
Global
	GlobalSection(SolutionConfigurationPlatforms) = preSolution
		Debug|Any CPU = Debug|Any CPU
		Release|Any CPU = Release|Any CPU
	EndGlobalSection
	GlobalSection(ProjectConfigurationPlatforms) = postSolution
		{11C92EC9-20B8-4281-9A23-449C72328558}.Debug|Any CPU.ActiveCfg = Debug|Any CPU
		{11C92EC9-20B8-4281-9A23-449C72328558}.Debug|Any CPU.Build.0 = Debug|Any CPU
		{11C92EC9-20B8-4281-9A23-449C72328558}.Release|Any CPU.ActiveCfg = Release|Any CPU
		{11C92EC9-20B8-4281-9A23-449C72328558}.Release|Any CPU.Build.0 = Release|Any CPU
	EndGlobalSection
	GlobalSection(SolutionProperties) = preSolution
		HideSolutionNode = FALSE
	EndGlobalSection
	GlobalSection(ExtensibilityGlobals) = postSolution
		SolutionGuid = {97A49330-38F0-4DD9-B50E-D1C570A98C92}
	EndGlobalSection
EndGlobal
