
Microsoft Visual Studio Solution File, Format Version 12.00
# Visual Studio Version 17
VisualStudioVersion = 17.0.32126.317
MinimumVisualStudioVersion = 10.0.40219.1
Project("{FAE04EC0-301F-11D3-BF4B-00C04F79EFBC}") = "ClassesApp", "ClassesApp\ClassesApp.csproj", "{1843BC7A-D568-4122-907C-7839A4A23A26}"
EndProject
Project("{FAE04EC0-301F-11D3-BF4B-00C04F79EFBC}") = "ClassesTest", "ClassesTest\ClassesTest.csproj", "{CC63CA75-1AF0-45C8-96BD-C0826DC5F969}"
EndProject
Global
	GlobalSection(SolutionConfigurationPlatforms) = preSolution
		Debug|Any CPU = Debug|Any CPU
		Release|Any CPU = Release|Any CPU
	EndGlobalSection
	GlobalSection(ProjectConfigurationPlatforms) = postSolution
		{1843BC7A-D568-4122-907C-7839A4A23A26}.Debug|Any CPU.ActiveCfg = Debug|Any CPU
		{1843BC7A-D568-4122-907C-7839A4A23A26}.Debug|Any CPU.Build.0 = Debug|Any CPU
		{1843BC7A-D568-4122-907C-7839A4A23A26}.Release|Any CPU.ActiveCfg = Release|Any CPU
		{1843BC7A-D568-4122-907C-7839A4A23A26}.Release|Any CPU.Build.0 = Release|Any CPU
		{CC63CA75-1AF0-45C8-96BD-C0826DC5F969}.Debug|Any CPU.ActiveCfg = Debug|Any CPU
		{CC63CA75-1AF0-45C8-96BD-C0826DC5F969}.Debug|Any CPU.Build.0 = Debug|Any CPU
		{CC63CA75-1AF0-45C8-96BD-C0826DC5F969}.Release|Any CPU.ActiveCfg = Release|Any CPU
		{CC63CA75-1AF0-45C8-96BD-C0826DC5F969}.Release|Any CPU.Build.0 = Release|Any CPU
	EndGlobalSection
	GlobalSection(SolutionProperties) = preSolution
		HideSolutionNode = FALSE
	EndGlobalSection
	GlobalSection(ExtensibilityGlobals) = postSolution
		SolutionGuid = {3CECD11C-91F2-48D7-B33F-C10EE0C04F55}
	EndGlobalSection
EndGlobal
