
Microsoft Visual Studio Solution File, Format Version 12.00
# Visual Studio Version 17
VisualStudioVersion = 17.0.31919.166
MinimumVisualStudioVersion = 10.0.40219.1
Project("{FAE04EC0-301F-11D3-BF4B-00C04F79EFBC}") = "FizzBuzzApp", "FizzBuzzApp\FizzBuzzApp.csproj", "{F2BE4741-DF99-46A1-AE2F-72F449060CFC}"
EndProject
Project("{FAE04EC0-301F-11D3-BF4B-00C04F79EFBC}") = "FizzBuzzTests", "FizzBuzzTests\FizzBuzzTests.csproj", "{368CE2DE-00A3-4669-902E-32A857F95EEF}"
EndProject
Global
	GlobalSection(SolutionConfigurationPlatforms) = preSolution
		Debug|Any CPU = Debug|Any CPU
		Release|Any CPU = Release|Any CPU
	EndGlobalSection
	GlobalSection(ProjectConfigurationPlatforms) = postSolution
		{F2BE4741-DF99-46A1-AE2F-72F449060CFC}.Debug|Any CPU.ActiveCfg = Debug|Any CPU
		{F2BE4741-DF99-46A1-AE2F-72F449060CFC}.Debug|Any CPU.Build.0 = Debug|Any CPU
		{F2BE4741-DF99-46A1-AE2F-72F449060CFC}.Release|Any CPU.ActiveCfg = Release|Any CPU
		{F2BE4741-DF99-46A1-AE2F-72F449060CFC}.Release|Any CPU.Build.0 = Release|Any CPU
		{368CE2DE-00A3-4669-902E-32A857F95EEF}.Debug|Any CPU.ActiveCfg = Debug|Any CPU
		{368CE2DE-00A3-4669-902E-32A857F95EEF}.Debug|Any CPU.Build.0 = Debug|Any CPU
		{368CE2DE-00A3-4669-902E-32A857F95EEF}.Release|Any CPU.ActiveCfg = Release|Any CPU
		{368CE2DE-00A3-4669-902E-32A857F95EEF}.Release|Any CPU.Build.0 = Release|Any CPU
	EndGlobalSection
	GlobalSection(SolutionProperties) = preSolution
		HideSolutionNode = FALSE
	EndGlobalSection
	GlobalSection(ExtensibilityGlobals) = postSolution
		SolutionGuid = {34A63750-5C74-4254-A860-008618623164}
	EndGlobalSection
EndGlobal
