
Microsoft Visual Studio Solution File, Format Version 12.00
# Visual Studio Version 16
VisualStudioVersion = 16.0.31019.35
MinimumVisualStudioVersion = 10.0.40219.1
Project("{9A19103F-16F7-4668-BE54-9A1E7A4F7556}") = "Methods_Lib", "Methods_Lib\Methods_Lib.csproj", "{C902607B-419C-40A3-8B75-8D8A5B6912EA}"
EndProject
Project("{9A19103F-16F7-4668-BE54-9A1E7A4F7556}") = "Methods_Tests", "Methods_Tests\Methods_Tests.csproj", "{1B6821FE-C656-4D8D-9A83-FF94169061F3}"
EndProject
Global
	GlobalSection(SolutionConfigurationPlatforms) = preSolution
		Debug|Any CPU = Debug|Any CPU
		Release|Any CPU = Release|Any CPU
	EndGlobalSection
	GlobalSection(ProjectConfigurationPlatforms) = postSolution
		{C902607B-419C-40A3-8B75-8D8A5B6912EA}.Debug|Any CPU.ActiveCfg = Debug|Any CPU
		{C902607B-419C-40A3-8B75-8D8A5B6912EA}.Debug|Any CPU.Build.0 = Debug|Any CPU
		{C902607B-419C-40A3-8B75-8D8A5B6912EA}.Release|Any CPU.ActiveCfg = Release|Any CPU
		{C902607B-419C-40A3-8B75-8D8A5B6912EA}.Release|Any CPU.Build.0 = Release|Any CPU
		{1B6821FE-C656-4D8D-9A83-FF94169061F3}.Debug|Any CPU.ActiveCfg = Debug|Any CPU
		{1B6821FE-C656-4D8D-9A83-FF94169061F3}.Debug|Any CPU.Build.0 = Debug|Any CPU
		{1B6821FE-C656-4D8D-9A83-FF94169061F3}.Release|Any CPU.ActiveCfg = Release|Any CPU
		{1B6821FE-C656-4D8D-9A83-FF94169061F3}.Release|Any CPU.Build.0 = Release|Any CPU
	EndGlobalSection
	GlobalSection(SolutionProperties) = preSolution
		HideSolutionNode = FALSE
	EndGlobalSection
	GlobalSection(ExtensibilityGlobals) = postSolution
		SolutionGuid = {CDA4A3F9-4668-4702-8C26-4DCF0D79C0C0}
	EndGlobalSection
EndGlobal
