
Microsoft Visual Studio Solution File, Format Version 12.00
# Visual Studio Version 16
VisualStudioVersion = 16.0.29709.97
MinimumVisualStudioVersion = 10.0.40219.1
Project("{9A19103F-16F7-4668-BE54-9A1E7A4F7556}") = "Op_CtrlFlow", "Op_CtrlFlow_Lib\Op_CtrlFlow.csproj", "{0CAC3AEE-3D50-4F92-9323-28BF1DD9E272}"
EndProject
Project("{9A19103F-16F7-4668-BE54-9A1E7A4F7556}") = "Op_CtrlFlow_Tests", "Op_CtrlFlow_Tests\Op_CtrlFlow_Tests.csproj", "{45299C77-F0A8-4858-A465-1895238C0765}"
EndProject
Global
	GlobalSection(SolutionConfigurationPlatforms) = preSolution
		Debug|Any CPU = Debug|Any CPU
		Release|Any CPU = Release|Any CPU
	EndGlobalSection
	GlobalSection(ProjectConfigurationPlatforms) = postSolution
		{0CAC3AEE-3D50-4F92-9323-28BF1DD9E272}.Debug|Any CPU.ActiveCfg = Debug|Any CPU
		{0CAC3AEE-3D50-4F92-9323-28BF1DD9E272}.Debug|Any CPU.Build.0 = Debug|Any CPU
		{0CAC3AEE-3D50-4F92-9323-28BF1DD9E272}.Release|Any CPU.ActiveCfg = Release|Any CPU
		{0CAC3AEE-3D50-4F92-9323-28BF1DD9E272}.Release|Any CPU.Build.0 = Release|Any CPU
		{45299C77-F0A8-4858-A465-1895238C0765}.Debug|Any CPU.ActiveCfg = Debug|Any CPU
		{45299C77-F0A8-4858-A465-1895238C0765}.Debug|Any CPU.Build.0 = Debug|Any CPU
		{45299C77-F0A8-4858-A465-1895238C0765}.Release|Any CPU.ActiveCfg = Release|Any CPU
		{45299C77-F0A8-4858-A465-1895238C0765}.Release|Any CPU.Build.0 = Release|Any CPU
	EndGlobalSection
	GlobalSection(SolutionProperties) = preSolution
		HideSolutionNode = FALSE
	EndGlobalSection
	GlobalSection(ExtensibilityGlobals) = postSolution
		SolutionGuid = {C821A31E-68DF-47B8-B5C9-5E06B78994F9}
	EndGlobalSection
EndGlobal
